
Microsoft Visual Studio Solution File, Format Version 12.00
# Visual Studio Version 17
VisualStudioVersion = 17.0.31612.314
MinimumVisualStudioVersion = 10.0.40219.1
Project("{FAE04EC0-301F-11D3-BF4B-00C04F79EFBC}") = "worklogger", "worklogger\worklogger.csproj", "{C925902E-4AD8-4996-A244-CD6169F5D72F}"
EndProject
Global
	GlobalSection(SolutionConfigurationPlatforms) = preSolution
		Debug|Any CPU = Debug|Any CPU
		Release|Any CPU = Release|Any CPU
	EndGlobalSection
	GlobalSection(ProjectConfigurationPlatforms) = postSolution
		{C925902E-4AD8-4996-A244-CD6169F5D72F}.Debug|Any CPU.ActiveCfg = Debug|Any CPU
		{C925902E-4AD8-4996-A244-CD6169F5D72F}.Debug|Any CPU.Build.0 = Debug|Any CPU
		{C925902E-4AD8-4996-A244-CD6169F5D72F}.Release|Any CPU.ActiveCfg = Release|Any CPU
		{C925902E-4AD8-4996-A244-CD6169F5D72F}.Release|Any CPU.Build.0 = Release|Any CPU
	EndGlobalSection
	GlobalSection(SolutionProperties) = preSolution
		HideSolutionNode = FALSE
	EndGlobalSection
	GlobalSection(ExtensibilityGlobals) = postSolution
		SolutionGuid = {3BBE0394-AC77-4EDE-8E7D-A13AD46B3E11}
	EndGlobalSection
EndGlobal
